// !$*UTF8*$!
{
	archiveVersion = 1;
	classes = {
	};
	objectVersion = 55;
	objects = {

/* Begin PBXBuildFile section */
		4C2514F028041408004A9D05 /* SelectFromAlbum.swift in Sources */ = {isa = PBXBuildFile; fileRef = 4C2514EF28041408004A9D05 /* SelectFromAlbum.swift */; };
		4C5F4A50280270D00031B269 /* PickPhoto.swift in Sources */ = {isa = PBXBuildFile; fileRef = 4C5F4A4F280270D00031B269 /* PickPhoto.swift */; };
		4C5F4A5228027A5D0031B269 /* StopReason.swift in Sources */ = {isa = PBXBuildFile; fileRef = 4C5F4A5128027A5D0031B269 /* StopReason.swift */; };
		4C8376C7280A6C5E004513FE /* FinalCell.swift in Sources */ = {isa = PBXBuildFile; fileRef = 4C8376C6280A6C5E004513FE /* FinalCell.swift */; };
		4CCA3D732801BA4100D11C89 /* AppDelegate.swift in Sources */ = {isa = PBXBuildFile; fileRef = 4CCA3D722801BA4100D11C89 /* AppDelegate.swift */; };
		4CCA3D752801BA4100D11C89 /* SceneDelegate.swift in Sources */ = {isa = PBXBuildFile; fileRef = 4CCA3D742801BA4100D11C89 /* SceneDelegate.swift */; };
		4CCA3D772801BA4100D11C89 /* ViewController.swift in Sources */ = {isa = PBXBuildFile; fileRef = 4CCA3D762801BA4100D11C89 /* ViewController.swift */; };
		4CCA3D7A2801BA4100D11C89 /* Main.storyboard in Resources */ = {isa = PBXBuildFile; fileRef = 4CCA3D782801BA4100D11C89 /* Main.storyboard */; };
		4CCA3D7D2801BA4100D11C89 /* photoPicker.xcdatamodeld in Sources */ = {isa = PBXBuildFile; fileRef = 4CCA3D7B2801BA4100D11C89 /* photoPicker.xcdatamodeld */; };
		4CCA3D7F2801BA4400D11C89 /* Assets.xcassets in Resources */ = {isa = PBXBuildFile; fileRef = 4CCA3D7E2801BA4400D11C89 /* Assets.xcassets */; };
		4CCA3D822801BA4400D11C89 /* LaunchScreen.storyboard in Resources */ = {isa = PBXBuildFile; fileRef = 4CCA3D802801BA4400D11C89 /* LaunchScreen.storyboard */; };
		4CCA3D8D2801BA4400D11C89 /* photoPickerTests.swift in Sources */ = {isa = PBXBuildFile; fileRef = 4CCA3D8C2801BA4400D11C89 /* photoPickerTests.swift */; };
		4CCA3D972801BA4400D11C89 /* photoPickerUITests.swift in Sources */ = {isa = PBXBuildFile; fileRef = 4CCA3D962801BA4400D11C89 /* photoPickerUITests.swift */; };
		4CCA3D992801BA4400D11C89 /* photoPickerUITestsLaunchTests.swift in Sources */ = {isa = PBXBuildFile; fileRef = 4CCA3D982801BA4400D11C89 /* photoPickerUITestsLaunchTests.swift */; };
		4CCA3DA72801BB4200D11C89 /* CropviewController.swift in Sources */ = {isa = PBXBuildFile; fileRef = 4CCA3DA62801BB4200D11C89 /* CropviewController.swift */; };
		4CD5BAB02807FF22003440E7 /* CollectionViewCell.swift in Sources */ = {isa = PBXBuildFile; fileRef = 4CD5BAAF2807FF22003440E7 /* CollectionViewCell.swift */; };
/* End PBXBuildFile section */

/* Begin PBXContainerItemProxy section */
		4CCA3D892801BA4400D11C89 /* PBXContainerItemProxy */ = {
			isa = PBXContainerItemProxy;
			containerPortal = 4CCA3D672801BA4100D11C89 /* Project object */;
			proxyType = 1;
			remoteGlobalIDString = 4CCA3D6E2801BA4100D11C89;
			remoteInfo = photoPicker;
		};
		4CCA3D932801BA4400D11C89 /* PBXContainerItemProxy */ = {
			isa = PBXContainerItemProxy;
			containerPortal = 4CCA3D672801BA4100D11C89 /* Project object */;
			proxyType = 1;
			remoteGlobalIDString = 4CCA3D6E2801BA4100D11C89;
			remoteInfo = photoPicker;
		};
/* End PBXContainerItemProxy section */

/* Begin PBXFileReference section */
		4C2514EF28041408004A9D05 /* SelectFromAlbum.swift */ = {isa = PBXFileReference; lastKnownFileType = sourcecode.swift; path = SelectFromAlbum.swift; sourceTree = "<group>"; };
		4C5F4A4F280270D00031B269 /* PickPhoto.swift */ = {isa = PBXFileReference; lastKnownFileType = sourcecode.swift; path = PickPhoto.swift; sourceTree = "<group>"; };
		4C5F4A5128027A5D0031B269 /* StopReason.swift */ = {isa = PBXFileReference; lastKnownFileType = sourcecode.swift; path = StopReason.swift; sourceTree = "<group>"; };
		4C8376C6280A6C5E004513FE /* FinalCell.swift */ = {isa = PBXFileReference; lastKnownFileType = sourcecode.swift; path = FinalCell.swift; sourceTree = "<group>"; };
		4CCA3D6F2801BA4100D11C89 /* photoPicker.app */ = {isa = PBXFileReference; explicitFileType = wrapper.application; includeInIndex = 0; path = photoPicker.app; sourceTree = BUILT_PRODUCTS_DIR; };
		4CCA3D722801BA4100D11C89 /* AppDelegate.swift */ = {isa = PBXFileReference; lastKnownFileType = sourcecode.swift; path = AppDelegate.swift; sourceTree = "<group>"; };
		4CCA3D742801BA4100D11C89 /* SceneDelegate.swift */ = {isa = PBXFileReference; lastKnownFileType = sourcecode.swift; path = SceneDelegate.swift; sourceTree = "<group>"; };
		4CCA3D762801BA4100D11C89 /* ViewController.swift */ = {isa = PBXFileReference; lastKnownFileType = sourcecode.swift; path = ViewController.swift; sourceTree = "<group>"; };
		4CCA3D792801BA4100D11C89 /* Base */ = {isa = PBXFileReference; lastKnownFileType = file.storyboard; name = Base; path = Base.lproj/Main.storyboard; sourceTree = "<group>"; };
		4CCA3D7C2801BA4100D11C89 /* photoPicker.xcdatamodel */ = {isa = PBXFileReference; lastKnownFileType = wrapper.xcdatamodel; path = photoPicker.xcdatamodel; sourceTree = "<group>"; };
		4CCA3D7E2801BA4400D11C89 /* Assets.xcassets */ = {isa = PBXFileReference; lastKnownFileType = folder.assetcatalog; path = Assets.xcassets; sourceTree = "<group>"; };
		4CCA3D812801BA4400D11C89 /* Base */ = {isa = PBXFileReference; lastKnownFileType = file.storyboard; name = Base; path = Base.lproj/LaunchScreen.storyboard; sourceTree = "<group>"; };
		4CCA3D832801BA4400D11C89 /* Info.plist */ = {isa = PBXFileReference; lastKnownFileType = text.plist.xml; path = Info.plist; sourceTree = "<group>"; };
		4CCA3D882801BA4400D11C89 /* photoPickerTests.xctest */ = {isa = PBXFileReference; explicitFileType = wrapper.cfbundle; includeInIndex = 0; path = photoPickerTests.xctest; sourceTree = BUILT_PRODUCTS_DIR; };
		4CCA3D8C2801BA4400D11C89 /* photoPickerTests.swift */ = {isa = PBXFileReference; lastKnownFileType = sourcecode.swift; path = photoPickerTests.swift; sourceTree = "<group>"; };
		4CCA3D922801BA4400D11C89 /* photoPickerUITests.xctest */ = {isa = PBXFileReference; explicitFileType = wrapper.cfbundle; includeInIndex = 0; path = photoPickerUITests.xctest; sourceTree = BUILT_PRODUCTS_DIR; };
		4CCA3D962801BA4400D11C89 /* photoPickerUITests.swift */ = {isa = PBXFileReference; lastKnownFileType = sourcecode.swift; path = photoPickerUITests.swift; sourceTree = "<group>"; };
		4CCA3D982801BA4400D11C89 /* photoPickerUITestsLaunchTests.swift */ = {isa = PBXFileReference; lastKnownFileType = sourcecode.swift; path = photoPickerUITestsLaunchTests.swift; sourceTree = "<group>"; };
		4CCA3DA62801BB4200D11C89 /* CropviewController.swift */ = {isa = PBXFileReference; lastKnownFileType = sourcecode.swift; path = CropviewController.swift; sourceTree = "<group>"; };
		4CD5BAAF2807FF22003440E7 /* CollectionViewCell.swift */ = {isa = PBXFileReference; lastKnownFileType = sourcecode.swift; path = CollectionViewCell.swift; sourceTree = "<group>"; };
/* End PBXFileReference section */

/* Begin PBXFrameworksBuildPhase section */
		4CCA3D6C2801BA4100D11C89 /* Frameworks */ = {
			isa = PBXFrameworksBuildPhase;
			buildActionMask = 2147483647;
			files = (
			);
			runOnlyForDeploymentPostprocessing = 0;
		};
		4CCA3D852801BA4400D11C89 /* Frameworks */ = {
			isa = PBXFrameworksBuildPhase;
			buildActionMask = 2147483647;
			files = (
			);
			runOnlyForDeploymentPostprocessing = 0;
		};
		4CCA3D8F2801BA4400D11C89 /* Frameworks */ = {
			isa = PBXFrameworksBuildPhase;
			buildActionMask = 2147483647;
			files = (
			);
			runOnlyForDeploymentPostprocessing = 0;
		};
/* End PBXFrameworksBuildPhase section */

/* Begin PBXGroup section */
		4CCA3D662801BA4100D11C89 = {
			isa = PBXGroup;
			children = (
				4CCA3D712801BA4100D11C89 /* photoPicker */,
				4CCA3D8B2801BA4400D11C89 /* photoPickerTests */,
				4CCA3D952801BA4400D11C89 /* photoPickerUITests */,
				4CCA3D702801BA4100D11C89 /* Products */,
			);
			sourceTree = "<group>";
		};
		4CCA3D702801BA4100D11C89 /* Products */ = {
			isa = PBXGroup;
			children = (
				4CCA3D6F2801BA4100D11C89 /* photoPicker.app */,
				4CCA3D882801BA4400D11C89 /* photoPickerTests.xctest */,
				4CCA3D922801BA4400D11C89 /* photoPickerUITests.xctest */,
			);
			name = Products;
			sourceTree = "<group>";
		};
		4CCA3D712801BA4100D11C89 /* photoPicker */ = {
			isa = PBXGroup;
			children = (
				4CCA3DA52801BA5700D11C89 /* PhotoPicker */,
				4CCA3D722801BA4100D11C89 /* AppDelegate.swift */,
				4CCA3D762801BA4100D11C89 /* ViewController.swift */,
				4CCA3D742801BA4100D11C89 /* SceneDelegate.swift */,
				4CCA3D782801BA4100D11C89 /* Main.storyboard */,
				4CCA3D7E2801BA4400D11C89 /* Assets.xcassets */,
				4CCA3D802801BA4400D11C89 /* LaunchScreen.storyboard */,
				4CCA3D832801BA4400D11C89 /* Info.plist */,
				4CCA3D7B2801BA4100D11C89 /* photoPicker.xcdatamodeld */,
			);
			path = photoPicker;
			sourceTree = "<group>";
		};
		4CCA3D8B2801BA4400D11C89 /* photoPickerTests */ = {
			isa = PBXGroup;
			children = (
				4CCA3D8C2801BA4400D11C89 /* photoPickerTests.swift */,
			);
			path = photoPickerTests;
			sourceTree = "<group>";
		};
		4CCA3D952801BA4400D11C89 /* photoPickerUITests */ = {
			isa = PBXGroup;
			children = (
				4CCA3D962801BA4400D11C89 /* photoPickerUITests.swift */,
				4CCA3D982801BA4400D11C89 /* photoPickerUITestsLaunchTests.swift */,
			);
			path = photoPickerUITests;
			sourceTree = "<group>";
		};
		4CCA3DA52801BA5700D11C89 /* PhotoPicker */ = {
			isa = PBXGroup;
			children = (
				4C5F4A4F280270D00031B269 /* PickPhoto.swift */,
				4C2514EF28041408004A9D05 /* SelectFromAlbum.swift */,
				4C8376C6280A6C5E004513FE /* FinalCell.swift */,
				4CD5BAAF2807FF22003440E7 /* CollectionViewCell.swift */,
				4CCA3DA62801BB4200D11C89 /* CropviewController.swift */,
				4C5F4A5128027A5D0031B269 /* StopReason.swift */,
			);
			path = PhotoPicker;
			sourceTree = "<group>";
		};
/* End PBXGroup section */

/* Begin PBXNativeTarget section */
		4CCA3D6E2801BA4100D11C89 /* photoPicker */ = {
			isa = PBXNativeTarget;
			buildConfigurationList = 4CCA3D9C2801BA4400D11C89 /* Build configuration list for PBXNativeTarget "photoPicker" */;
			buildPhases = (
				4CCA3D6B2801BA4100D11C89 /* Sources */,
				4CCA3D6C2801BA4100D11C89 /* Frameworks */,
				4CCA3D6D2801BA4100D11C89 /* Resources */,
			);
			buildRules = (
			);
			dependencies = (
			);
			name = photoPicker;
			productName = photoPicker;
			productReference = 4CCA3D6F2801BA4100D11C89 /* photoPicker.app */;
			productType = "com.apple.product-type.application";
		};
		4CCA3D872801BA4400D11C89 /* photoPickerTests */ = {
			isa = PBXNativeTarget;
			buildConfigurationList = 4CCA3D9F2801BA4400D11C89 /* Build configuration list for PBXNativeTarget "photoPickerTests" */;
			buildPhases = (
				4CCA3D842801BA4400D11C89 /* Sources */,
				4CCA3D852801BA4400D11C89 /* Frameworks */,
				4CCA3D862801BA4400D11C89 /* Resources */,
			);
			buildRules = (
			);
			dependencies = (
				4CCA3D8A2801BA4400D11C89 /* PBXTargetDependency */,
			);
			name = photoPickerTests;
			productName = photoPickerTests;
			productReference = 4CCA3D882801BA4400D11C89 /* photoPickerTests.xctest */;
			productType = "com.apple.product-type.bundle.unit-test";
		};
		4CCA3D912801BA4400D11C89 /* photoPickerUITests */ = {
			isa = PBXNativeTarget;
			buildConfigurationList = 4CCA3DA22801BA4400D11C89 /* Build configuration list for PBXNativeTarget "photoPickerUITests" */;
			buildPhases = (
				4CCA3D8E2801BA4400D11C89 /* Sources */,
				4CCA3D8F2801BA4400D11C89 /* Frameworks */,
				4CCA3D902801BA4400D11C89 /* Resources */,
			);
			buildRules = (
			);
			dependencies = (
				4CCA3D942801BA4400D11C89 /* PBXTargetDependency */,
			);
			name = photoPickerUITests;
			productName = photoPickerUITests;
			productReference = 4CCA3D922801BA4400D11C89 /* photoPickerUITests.xctest */;
			productType = "com.apple.product-type.bundle.ui-testing";
		};
/* End PBXNativeTarget section */

/* Begin PBXProject section */
		4CCA3D672801BA4100D11C89 /* Project object */ = {
			isa = PBXProject;
			attributes = {
				BuildIndependentTargetsInParallel = 1;
				LastSwiftUpdateCheck = 1310;
				LastUpgradeCheck = 1310;
				TargetAttributes = {
					4CCA3D6E2801BA4100D11C89 = {
						CreatedOnToolsVersion = 13.1;
					};
					4CCA3D872801BA4400D11C89 = {
						CreatedOnToolsVersion = 13.1;
						TestTargetID = 4CCA3D6E2801BA4100D11C89;
					};
					4CCA3D912801BA4400D11C89 = {
						CreatedOnToolsVersion = 13.1;
						TestTargetID = 4CCA3D6E2801BA4100D11C89;
					};
				};
			};
			buildConfigurationList = 4CCA3D6A2801BA4100D11C89 /* Build configuration list for PBXProject "photoPicker" */;
			compatibilityVersion = "Xcode 13.0";
			developmentRegion = en;
			hasScannedForEncodings = 0;
			knownRegions = (
				en,
				Base,
			);
			mainGroup = 4CCA3D662801BA4100D11C89;
			productRefGroup = 4CCA3D702801BA4100D11C89 /* Products */;
			projectDirPath = "";
			projectRoot = "";
			targets = (
				4CCA3D6E2801BA4100D11C89 /* photoPicker */,
				4CCA3D872801BA4400D11C89 /* photoPickerTests */,
				4CCA3D912801BA4400D11C89 /* photoPickerUITests */,
			);
		};
/* End PBXProject section */

/* Begin PBXResourcesBuildPhase section */
		4CCA3D6D2801BA4100D11C89 /* Resources */ = {
			isa = PBXResourcesBuildPhase;
			buildActionMask = 2147483647;
			files = (
				4CCA3D822801BA4400D11C89 /* LaunchScreen.storyboard in Resources */,
				4CCA3D7F2801BA4400D11C89 /* Assets.xcassets in Resources */,
				4CCA3D7A2801BA4100D11C89 /* Main.storyboard in Resources */,
			);
			runOnlyForDeploymentPostprocessing = 0;
		};
		4CCA3D862801BA4400D11C89 /* Resources */ = {
			isa = PBXResourcesBuildPhase;
			buildActionMask = 2147483647;
			files = (
			);
			runOnlyForDeploymentPostprocessing = 0;
		};
		4CCA3D902801BA4400D11C89 /* Resources */ = {
			isa = PBXResourcesBuildPhase;
			buildActionMask = 2147483647;
			files = (
			);
			runOnlyForDeploymentPostprocessing = 0;
		};
/* End PBXResourcesBuildPhase section */

/* Begin PBXSourcesBuildPhase section */
		4CCA3D6B2801BA4100D11C89 /* Sources */ = {
			isa = PBXSourcesBuildPhase;
			buildActionMask = 2147483647;
			files = (
				4CCA3DA72801BB4200D11C89 /* CropviewController.swift in Sources */,
				4CCA3D7D2801BA4100D11C89 /* photoPicker.xcdatamodeld in Sources */,
				4CCA3D772801BA4100D11C89 /* ViewController.swift in Sources */,
				4CCA3D732801BA4100D11C89 /* AppDelegate.swift in Sources */,
				4C8376C7280A6C5E004513FE /* FinalCell.swift in Sources */,
				4CCA3D752801BA4100D11C89 /* SceneDelegate.swift in Sources */,
				4C2514F028041408004A9D05 /* SelectFromAlbum.swift in Sources */,
				4C5F4A5228027A5D0031B269 /* StopReason.swift in Sources */,
				4CD5BAB02807FF22003440E7 /* CollectionViewCell.swift in Sources */,
				4C5F4A50280270D00031B269 /* PickPhoto.swift in Sources */,
			);
			runOnlyForDeploymentPostprocessing = 0;
		};
		4CCA3D842801BA4400D11C89 /* Sources */ = {
			isa = PBXSourcesBuildPhase;
			buildActionMask = 2147483647;
			files = (
				4CCA3D8D2801BA4400D11C89 /* photoPickerTests.swift in Sources */,
			);
			runOnlyForDeploymentPostprocessing = 0;
		};
		4CCA3D8E2801BA4400D11C89 /* Sources */ = {
			isa = PBXSourcesBuildPhase;
			buildActionMask = 2147483647;
			files = (
				4CCA3D972801BA4400D11C89 /* photoPickerUITests.swift in Sources */,
				4CCA3D992801BA4400D11C89 /* photoPickerUITestsLaunchTests.swift in Sources */,
			);
			runOnlyForDeploymentPostprocessing = 0;
		};
/* End PBXSourcesBuildPhase section */

/* Begin PBXTargetDependency section */
		4CCA3D8A2801BA4400D11C89 /* PBXTargetDependency */ = {
			isa = PBXTargetDependency;
			target = 4CCA3D6E2801BA4100D11C89 /* photoPicker */;
			targetProxy = 4CCA3D892801BA4400D11C89 /* PBXContainerItemProxy */;
		};
		4CCA3D942801BA4400D11C89 /* PBXTargetDependency */ = {
			isa = PBXTargetDependency;
			target = 4CCA3D6E2801BA4100D11C89 /* photoPicker */;
			targetProxy = 4CCA3D932801BA4400D11C89 /* PBXContainerItemProxy */;
		};
/* End PBXTargetDependency section */

/* Begin PBXVariantGroup section */
		4CCA3D782801BA4100D11C89 /* Main.storyboard */ = {
			isa = PBXVariantGroup;
			children = (
				4CCA3D792801BA4100D11C89 /* Base */,
			);
			name = Main.storyboard;
			sourceTree = "<group>";
		};
		4CCA3D802801BA4400D11C89 /* LaunchScreen.storyboard */ = {
			isa = PBXVariantGroup;
			children = (
				4CCA3D812801BA4400D11C89 /* Base */,
			);
			name = LaunchScreen.storyboard;
			sourceTree = "<group>";
		};
/* End PBXVariantGroup section */

/* Begin XCBuildConfiguration section */
		4CCA3D9A2801BA4400D11C89 /* Debug */ = {
			isa = XCBuildConfiguration;
			buildSettings = {
				ALWAYS_SEARCH_USER_PATHS = NO;
				CLANG_ANALYZER_NONNULL = YES;
				CLANG_ANALYZER_NUMBER_OBJECT_CONVERSION = YES_AGGRESSIVE;
				CLANG_CXX_LANGUAGE_STANDARD = "gnu++17";
				CLANG_CXX_LIBRARY = "libc++";
				CLANG_ENABLE_MODULES = YES;
				CLANG_ENABLE_OBJC_ARC = YES;
				CLANG_ENABLE_OBJC_WEAK = YES;
				CLANG_WARN_BLOCK_CAPTURE_AUTORELEASING = YES;
				CLANG_WARN_BOOL_CONVERSION = YES;
				CLANG_WARN_COMMA = YES;
				CLANG_WARN_CONSTANT_CONVERSION = YES;
				CLANG_WARN_DEPRECATED_OBJC_IMPLEMENTATIONS = YES;
				CLANG_WARN_DIRECT_OBJC_ISA_USAGE = YES_ERROR;
				CLANG_WARN_DOCUMENTATION_COMMENTS = YES;
				CLANG_WARN_EMPTY_BODY = YES;
				CLANG_WARN_ENUM_CONVERSION = YES;
				CLANG_WARN_INFINITE_RECURSION = YES;
				CLANG_WARN_INT_CONVERSION = YES;
				CLANG_WARN_NON_LITERAL_NULL_CONVERSION = YES;
				CLANG_WARN_OBJC_IMPLICIT_RETAIN_SELF = YES;
				CLANG_WARN_OBJC_LITERAL_CONVERSION = YES;
				CLANG_WARN_OBJC_ROOT_CLASS = YES_ERROR;
				CLANG_WARN_QUOTED_INCLUDE_IN_FRAMEWORK_HEADER = YES;
				CLANG_WARN_RANGE_LOOP_ANALYSIS = YES;
				CLANG_WARN_STRICT_PROTOTYPES = YES;
				CLANG_WARN_SUSPICIOUS_MOVE = YES;
				CLANG_WARN_UNGUARDED_AVAILABILITY = YES_AGGRESSIVE;
				CLANG_WARN_UNREACHABLE_CODE = YES;
				CLANG_WARN__DUPLICATE_METHOD_MATCH = YES;
				COPY_PHASE_STRIP = NO;
				DEBUG_INFORMATION_FORMAT = dwarf;
				ENABLE_STRICT_OBJC_MSGSEND = YES;
				ENABLE_TESTABILITY = YES;
				GCC_C_LANGUAGE_STANDARD = gnu11;
				GCC_DYNAMIC_NO_PIC = NO;
				GCC_NO_COMMON_BLOCKS = YES;
				GCC_OPTIMIZATION_LEVEL = 0;
				GCC_PREPROCESSOR_DEFINITIONS = (
					"DEBUG=1",
					"$(inherited)",
				);
				GCC_WARN_64_TO_32_BIT_CONVERSION = YES;
				GCC_WARN_ABOUT_RETURN_TYPE = YES_ERROR;
				GCC_WARN_UNDECLARED_SELECTOR = YES;
				GCC_WARN_UNINITIALIZED_AUTOS = YES_AGGRESSIVE;
				GCC_WARN_UNUSED_FUNCTION = YES;
				GCC_WARN_UNUSED_VARIABLE = YES;
				IPHONEOS_DEPLOYMENT_TARGET = 15.0;
				MTL_ENABLE_DEBUG_INFO = INCLUDE_SOURCE;
				MTL_FAST_MATH = YES;
				ONLY_ACTIVE_ARCH = YES;
				SDKROOT = iphoneos;
				SWIFT_ACTIVE_COMPILATION_CONDITIONS = DEBUG;
				SWIFT_OPTIMIZATION_LEVEL = "-Onone";
			};
			name = Debug;
		};
		4CCA3D9B2801BA4400D11C89 /* Release */ = {
			isa = XCBuildConfiguration;
			buildSettings = {
				ALWAYS_SEARCH_USER_PATHS = NO;
				CLANG_ANALYZER_NONNULL = YES;
				CLANG_ANALYZER_NUMBER_OBJECT_CONVERSION = YES_AGGRESSIVE;
				CLANG_CXX_LANGUAGE_STANDARD = "gnu++17";
				CLANG_CXX_LIBRARY = "libc++";
				CLANG_ENABLE_MODULES = YES;
				CLANG_ENABLE_OBJC_ARC = YES;
				CLANG_ENABLE_OBJC_WEAK = YES;
				CLANG_WARN_BLOCK_CAPTURE_AUTORELEASING = YES;
				CLANG_WARN_BOOL_CONVERSION = YES;
				CLANG_WARN_COMMA = YES;
				CLANG_WARN_CONSTANT_CONVERSION = YES;
				CLANG_WARN_DEPRECATED_OBJC_IMPLEMENTATIONS = YES;
				CLANG_WARN_DIRECT_OBJC_ISA_USAGE = YES_ERROR;
				CLANG_WARN_DOCUMENTATION_COMMENTS = YES;
				CLANG_WARN_EMPTY_BODY = YES;
				CLANG_WARN_ENUM_CONVERSION = YES;
				CLANG_WARN_INFINITE_RECURSION = YES;
				CLANG_WARN_INT_CONVERSION = YES;
				CLANG_WARN_NON_LITERAL_NULL_CONVERSION = YES;
				CLANG_WARN_OBJC_IMPLICIT_RETAIN_SELF = YES;
				CLANG_WARN_OBJC_LITERAL_CONVERSION = YES;
				CLANG_WARN_OBJC_ROOT_CLASS = YES_ERROR;
				CLANG_WARN_QUOTED_INCLUDE_IN_FRAMEWORK_HEADER = YES;
				CLANG_WARN_RANGE_LOOP_ANALYSIS = YES;
				CLANG_WARN_STRICT_PROTOTYPES = YES;
				CLANG_WARN_SUSPICIOUS_MOVE = YES;
				CLANG_WARN_UNGUARDED_AVAILABILITY = YES_AGGRESSIVE;
				CLANG_WARN_UNREACHABLE_CODE = YES;
				CLANG_WARN__DUPLICATE_METHOD_MATCH = YES;
				COPY_PHASE_STRIP = NO;
				DEBUG_INFORMATION_FORMAT = "dwarf-with-dsym";
				ENABLE_NS_ASSERTIONS = NO;
				ENABLE_STRICT_OBJC_MSGSEND = YES;
				GCC_C_LANGUAGE_STANDARD = gnu11;
				GCC_NO_COMMON_BLOCKS = YES;
				GCC_WARN_64_TO_32_BIT_CONVERSION = YES;
				GCC_WARN_ABOUT_RETURN_TYPE = YES_ERROR;
				GCC_WARN_UNDECLARED_SELECTOR = YES;
				GCC_WARN_UNINITIALIZED_AUTOS = YES_AGGRESSIVE;
				GCC_WARN_UNUSED_FUNCTION = YES;
				GCC_WARN_UNUSED_VARIABLE = YES;
				IPHONEOS_DEPLOYMENT_TARGET = 15.0;
				MTL_ENABLE_DEBUG_INFO = NO;
				MTL_FAST_MATH = YES;
				SDKROOT = iphoneos;
				SWIFT_COMPILATION_MODE = wholemodule;
				SWIFT_OPTIMIZATION_LEVEL = "-O";
				VALIDATE_PRODUCT = YES;
			};
			name = Release;
		};
		4CCA3D9D2801BA4400D11C89 /* Debug */ = {
			isa = XCBuildConfiguration;
			buildSettings = {
				ASSETCATALOG_COMPILER_APPICON_NAME = AppIcon;
				ASSETCATALOG_COMPILER_GLOBAL_ACCENT_COLOR_NAME = AccentColor;
				CODE_SIGN_STYLE = Automatic;
				CURRENT_PROJECT_VERSION = 1;
				DEVELOPMENT_TEAM = YSTAQW8MCV;
				GENERATE_INFOPLIST_FILE = YES;
				INFOPLIST_FILE = photoPicker/Info.plist;
				INFOPLIST_KEY_UIApplicationSupportsIndirectInputEvents = YES;
				INFOPLIST_KEY_UILaunchStoryboardName = LaunchScreen;
				INFOPLIST_KEY_UIMainStoryboardFile = Main;
				INFOPLIST_KEY_UISupportedInterfaceOrientations_iPad = "UIInterfaceOrientationPortrait UIInterfaceOrientationPortraitUpsideDown UIInterfaceOrientationLandscapeLeft UIInterfaceOrientationLandscapeRight";
				INFOPLIST_KEY_UISupportedInterfaceOrientations_iPhone = "UIInterfaceOrientationPortrait UIInterfaceOrientationLandscapeLeft UIInterfaceOrientationLandscapeRight";
				IPHONEOS_DEPLOYMENT_TARGET = 15.0;
				LD_RUNPATH_SEARCH_PATHS = (
					"$(inherited)",
					"@executable_path/Frameworks",
				);
				MARKETING_VERSION = 1.0;
				PRODUCT_BUNDLE_IDENTIFIER = com.qiyutech.photoPicker;
				PRODUCT_NAME = "$(TARGET_NAME)";
				SWIFT_EMIT_LOC_STRINGS = YES;
				SWIFT_VERSION = 5.0;
				TARGETED_DEVICE_FAMILY = "1,2";
			};
			name = Debug;
		};
		4CCA3D9E2801BA4400D11C89 /* Release */ = {
			isa = XCBuildConfiguration;
			buildSettings = {
				ASSETCATALOG_COMPILER_APPICON_NAME = AppIcon;
				ASSETCATALOG_COMPILER_GLOBAL_ACCENT_COLOR_NAME = AccentColor;
				CODE_SIGN_STYLE = Automatic;
				CURRENT_PROJECT_VERSION = 1;
				DEVELOPMENT_TEAM = YSTAQW8MCV;
				GENERATE_INFOPLIST_FILE = YES;
				INFOPLIST_FILE = photoPicker/Info.plist;
				INFOPLIST_KEY_UIApplicationSupportsIndirectInputEvents = YES;
				INFOPLIST_KEY_UILaunchStoryboardName = LaunchScreen;
				INFOPLIST_KEY_UIMainStoryboardFile = Main;
				INFOPLIST_KEY_UISupportedInterfaceOrientations_iPad = "UIInterfaceOrientationPortrait UIInterfaceOrientationPortraitUpsideDown UIInterfaceOrientationLandscapeLeft UIInterfaceOrientationLandscapeRight";
				INFOPLIST_KEY_UISupportedInterfaceOrientations_iPhone = "UIInterfaceOrientationPortrait UIInterfaceOrientationLandscapeLeft UIInterfaceOrientationLandscapeRight";
				IPHONEOS_DEPLOYMENT_TARGET = 15.0;
				LD_RUNPATH_SEARCH_PATHS = (
					"$(inherited)",
					"@executable_path/Frameworks",
				);
				MARKETING_VERSION = 1.0;
				PRODUCT_BUNDLE_IDENTIFIER = com.qiyutech.photoPicker;
				PRODUCT_NAME = "$(TARGET_NAME)";
				SWIFT_EMIT_LOC_STRINGS = YES;
				SWIFT_VERSION = 5.0;
				TARGETED_DEVICE_FAMILY = "1,2";
			};
			name = Release;
		};
		4CCA3DA02801BA4400D11C89 /* Debug */ = {
			isa = XCBuildConfiguration;
			buildSettings = {
				ALWAYS_EMBED_SWIFT_STANDARD_LIBRARIES = YES;
				BUNDLE_LOADER = "$(TEST_HOST)";
				CODE_SIGN_STYLE = Automatic;
				CURRENT_PROJECT_VERSION = 1;
				GENERATE_INFOPLIST_FILE = YES;
				IPHONEOS_DEPLOYMENT_TARGET = 15.0;
				LD_RUNPATH_SEARCH_PATHS = (
					"$(inherited)",
					"@executable_path/Frameworks",
					"@loader_path/Frameworks",
				);
				MARKETING_VERSION = 1.0;
				PRODUCT_BUNDLE_IDENTIFIER = com.qiyutech.photoPickerTests;
				PRODUCT_NAME = "$(TARGET_NAME)";
				SWIFT_EMIT_LOC_STRINGS = NO;
				SWIFT_VERSION = 5.0;
				TARGETED_DEVICE_FAMILY = "1,2";
				TEST_HOST = "$(BUILT_PRODUCTS_DIR)/photoPicker.app/photoPicker";
			};
			name = Debug;
		};
		4CCA3DA12801BA4400D11C89 /* Release */ = {
			isa = XCBuildConfiguration;
			buildSettings = {
				ALWAYS_EMBED_SWIFT_STANDARD_LIBRARIES = YES;
				BUNDLE_LOADER = "$(TEST_HOST)";
				CODE_SIGN_STYLE = Automatic;
				CURRENT_PROJECT_VERSION = 1;
				GENERATE_INFOPLIST_FILE = YES;
				IPHONEOS_DEPLOYMENT_TARGET = 15.0;
				LD_RUNPATH_SEARCH_PATHS = (
					"$(inherited)",
					"@executable_path/Frameworks",
					"@loader_path/Frameworks",
				);
				MARKETING_VERSION = 1.0;
				PRODUCT_BUNDLE_IDENTIFIER = com.qiyutech.photoPickerTests;
				PRODUCT_NAME = "$(TARGET_NAME)";
				SWIFT_EMIT_LOC_STRINGS = NO;
				SWIFT_VERSION = 5.0;
				TARGETED_DEVICE_FAMILY = "1,2";
				TEST_HOST = "$(BUILT_PRODUCTS_DIR)/photoPicker.app/photoPicker";
			};
			name = Release;
		};
		4CCA3DA32801BA4400D11C89 /* Debug */ = {
			isa = XCBuildConfiguration;
			buildSettings = {
				ALWAYS_EMBED_SWIFT_STANDARD_LIBRARIES = YES;
				CODE_SIGN_STYLE = Automatic;
				CURRENT_PROJECT_VERSION = 1;
				GENERATE_INFOPLIST_FILE = YES;
				LD_RUNPATH_SEARCH_PATHS = (
					"$(inherited)",
					"@executable_path/Frameworks",
					"@loader_path/Frameworks",
				);
				MARKETING_VERSION = 1.0;
				PRODUCT_BUNDLE_IDENTIFIER = com.qiyutech.photoPickerUITests;
				PRODUCT_NAME = "$(TARGET_NAME)";
				SWIFT_EMIT_LOC_STRINGS = NO;
				SWIFT_VERSION = 5.0;
				TARGETED_DEVICE_FAMILY = "1,2";
				TEST_TARGET_NAME = photoPicker;
			};
			name = Debug;
		};
		4CCA3DA42801BA4400D11C89 /* Release */ = {
			isa = XCBuildConfiguration;
			buildSettings = {
				ALWAYS_EMBED_SWIFT_STANDARD_LIBRARIES = YES;
				CODE_SIGN_STYLE = Automatic;
				CURRENT_PROJECT_VERSION = 1;
				GENERATE_INFOPLIST_FILE = YES;
				LD_RUNPATH_SEARCH_PATHS = (
					"$(inherited)",
					"@executable_path/Frameworks",
					"@loader_path/Frameworks",
				);
				MARKETING_VERSION = 1.0;
				PRODUCT_BUNDLE_IDENTIFIER = com.qiyutech.photoPickerUITests;
				PRODUCT_NAME = "$(TARGET_NAME)";
				SWIFT_EMIT_LOC_STRINGS = NO;
				SWIFT_VERSION = 5.0;
				TARGETED_DEVICE_FAMILY = "1,2";
				TEST_TARGET_NAME = photoPicker;
			};
			name = Release;
		};
/* End XCBuildConfiguration section */

/* Begin XCConfigurationList section */
		4CCA3D6A2801BA4100D11C89 /* Build configuration list for PBXProject "photoPicker" */ = {
			isa = XCConfigurationList;
			buildConfigurations = (
				4CCA3D9A2801BA4400D11C89 /* Debug */,
				4CCA3D9B2801BA4400D11C89 /* Release */,
			);
			defaultConfigurationIsVisible = 0;
			defaultConfigurationName = Release;
		};
		4CCA3D9C2801BA4400D11C89 /* Build configuration list for PBXNativeTarget "photoPicker" */ = {
			isa = XCConfigurationList;
			buildConfigurations = (
				4CCA3D9D2801BA4400D11C89 /* Debug */,
				4CCA3D9E2801BA4400D11C89 /* Release */,
			);
			defaultConfigurationIsVisible = 0;
			defaultConfigurationName = Release;
		};
		4CCA3D9F2801BA4400D11C89 /* Build configuration list for PBXNativeTarget "photoPickerTests" */ = {
			isa = XCConfigurationList;
			buildConfigurations = (
				4CCA3DA02801BA4400D11C89 /* Debug */,
				4CCA3DA12801BA4400D11C89 /* Release */,
			);
			defaultConfigurationIsVisible = 0;
			defaultConfigurationName = Release;
		};
		4CCA3DA22801BA4400D11C89 /* Build configuration list for PBXNativeTarget "photoPickerUITests" */ = {
			isa = XCConfigurationList;
			buildConfigurations = (
				4CCA3DA32801BA4400D11C89 /* Debug */,
				4CCA3DA42801BA4400D11C89 /* Release */,
			);
			defaultConfigurationIsVisible = 0;
			defaultConfigurationName = Release;
		};
/* End XCConfigurationList section */

/* Begin XCVersionGroup section */
		4CCA3D7B2801BA4100D11C89 /* photoPicker.xcdatamodeld */ = {
			isa = XCVersionGroup;
			children = (
				4CCA3D7C2801BA4100D11C89 /* photoPicker.xcdatamodel */,
			);
			currentVersion = 4CCA3D7C2801BA4100D11C89 /* photoPicker.xcdatamodel */;
			path = photoPicker.xcdatamodeld;
			sourceTree = "<group>";
			versionGroupType = wrapper.xcdatamodel;
		};
/* End XCVersionGroup section */
	};
	rootObject = 4CCA3D672801BA4100D11C89 /* Project object */;
}
